// !$*UTF8*$!
{
	archiveVersion = 1;
	classes = {
	};
	objectVersion = 56;
	objects = {

/* Begin PBXBuildFile section */
		7D7FD1912B04940C00CD6C13 /* AppDelegate.swift in Sources */ = {isa = PBXBuildFile; fileRef = 7D7FD1902B04940C00CD6C13 /* AppDelegate.swift */; };
		7D7FD1932B04940C00CD6C13 /* SceneDelegate.swift in Sources */ = {isa = PBXBuildFile; fileRef = 7D7FD1922B04940C00CD6C13 /* SceneDelegate.swift */; };
		7D7FD1952B04940C00CD6C13 /* ViewController.swift in Sources */ = {isa = PBXBuildFile; fileRef = 7D7FD1942B04940C00CD6C13 /* ViewController.swift */; };
		7D7FD1982B04940C00CD6C13 /* Main.storyboard in Resources */ = {isa = PBXBuildFile; fileRef = 7D7FD1962B04940C00CD6C13 /* Main.storyboard */; };
		7D7FD19A2B04940E00CD6C13 /* Assets.xcassets in Resources */ = {isa = PBXBuildFile; fileRef = 7D7FD1992B04940E00CD6C13 /* Assets.xcassets */; };
		7D7FD19D2B04940E00CD6C13 /* LaunchScreen.storyboard in Resources */ = {isa = PBXBuildFile; fileRef = 7D7FD19B2B04940E00CD6C13 /* LaunchScreen.storyboard */; };
		7D7FD1A52B0F226D00CD6C13 /* LandingViewController.swift in Sources */ = {isa = PBXBuildFile; fileRef = 7D7FD1A42B0F226C00CD6C13 /* LandingViewController.swift */; };
		7D7FD1A72B0F377E00CD6C13 /* MyTableViewCell.swift in Sources */ = {isa = PBXBuildFile; fileRef = 7D7FD1A62B0F377E00CD6C13 /* MyTableViewCell.swift */; };
		7D85FC8F2B172CA100A88370 /* WithoutDeviceTestViewController.swift in Sources */ = {isa = PBXBuildFile; fileRef = 7D85FC8E2B172CA100A88370 /* WithoutDeviceTestViewController.swift */; };
		7D85FC922B1757CF00A88370 /* UIViewUIStackViewPracticeViewController.swift in Sources */ = {isa = PBXBuildFile; fileRef = 7D85FC912B1757CF00A88370 /* UIViewUIStackViewPracticeViewController.swift */; };
/* End PBXBuildFile section */

/* Begin PBXFileReference section */
		7D7FD18D2B04940C00CD6C13 /* testArchive.app */ = {isa = PBXFileReference; explicitFileType = wrapper.application; includeInIndex = 0; path = testArchive.app; sourceTree = BUILT_PRODUCTS_DIR; };
		7D7FD1902B04940C00CD6C13 /* AppDelegate.swift */ = {isa = PBXFileReference; lastKnownFileType = sourcecode.swift; path = AppDelegate.swift; sourceTree = "<group>"; };
		7D7FD1922B04940C00CD6C13 /* SceneDelegate.swift */ = {isa = PBXFileReference; lastKnownFileType = sourcecode.swift; path = SceneDelegate.swift; sourceTree = "<group>"; };
		7D7FD1942B04940C00CD6C13 /* ViewController.swift */ = {isa = PBXFileReference; lastKnownFileType = sourcecode.swift; path = ViewController.swift; sourceTree = "<group>"; };
		7D7FD1972B04940C00CD6C13 /* Base */ = {isa = PBXFileReference; lastKnownFileType = file.storyboard; name = Base; path = Base.lproj/Main.storyboard; sourceTree = "<group>"; };
		7D7FD1992B04940E00CD6C13 /* Assets.xcassets */ = {isa = PBXFileReference; lastKnownFileType = folder.assetcatalog; path = Assets.xcassets; sourceTree = "<group>"; };
		7D7FD19C2B04940E00CD6C13 /* Base */ = {isa = PBXFileReference; lastKnownFileType = file.storyboard; name = Base; path = Base.lproj/LaunchScreen.storyboard; sourceTree = "<group>"; };
		7D7FD19E2B04940E00CD6C13 /* Info.plist */ = {isa = PBXFileReference; lastKnownFileType = text.plist.xml; path = Info.plist; sourceTree = "<group>"; };
		7D7FD1A42B0F226C00CD6C13 /* LandingViewController.swift */ = {isa = PBXFileReference; lastKnownFileType = sourcecode.swift; path = LandingViewController.swift; sourceTree = "<group>"; };
		7D7FD1A62B0F377E00CD6C13 /* MyTableViewCell.swift */ = {isa = PBXFileReference; lastKnownFileType = sourcecode.swift; path = MyTableViewCell.swift; sourceTree = "<group>"; };
		7D85FC8E2B172CA100A88370 /* WithoutDeviceTestViewController.swift */ = {isa = PBXFileReference; lastKnownFileType = sourcecode.swift; path = WithoutDeviceTestViewController.swift; sourceTree = "<group>"; };
		7D85FC912B1757CF00A88370 /* UIViewUIStackViewPracticeViewController.swift */ = {isa = PBXFileReference; lastKnownFileType = sourcecode.swift; path = UIViewUIStackViewPracticeViewController.swift; sourceTree = "<group>"; };
/* End PBXFileReference section */

/* Begin PBXFrameworksBuildPhase section */
		7D7FD18A2B04940C00CD6C13 /* Frameworks */ = {
			isa = PBXFrameworksBuildPhase;
			buildActionMask = 2147483647;
			files = (
			);
			runOnlyForDeploymentPostprocessing = 0;
		};
/* End PBXFrameworksBuildPhase section */

/* Begin PBXGroup section */
		7D7FD1842B04940C00CD6C13 = {
			isa = PBXGroup;
			children = (
				7D7FD18F2B04940C00CD6C13 /* testArchive */,
				7D7FD18E2B04940C00CD6C13 /* Products */,
			);
			sourceTree = "<group>";
		};
		7D7FD18E2B04940C00CD6C13 /* Products */ = {
			isa = PBXGroup;
			children = (
				7D7FD18D2B04940C00CD6C13 /* testArchive.app */,
			);
			name = Products;
			sourceTree = "<group>";
		};
		7D7FD18F2B04940C00CD6C13 /* testArchive */ = {
			isa = PBXGroup;
			children = (
				7D85FC8A2B172AAD00A88370 /* Features */,
				7D7FD1902B04940C00CD6C13 /* AppDelegate.swift */,
				7D7FD1922B04940C00CD6C13 /* SceneDelegate.swift */,
				7D7FD1A42B0F226C00CD6C13 /* LandingViewController.swift */,
				7D7FD1A62B0F377E00CD6C13 /* MyTableViewCell.swift */,
				7D7FD1962B04940C00CD6C13 /* Main.storyboard */,
				7D7FD1992B04940E00CD6C13 /* Assets.xcassets */,
				7D7FD19B2B04940E00CD6C13 /* LaunchScreen.storyboard */,
				7D7FD19E2B04940E00CD6C13 /* Info.plist */,
			);
			path = testArchive;
			sourceTree = "<group>";
		};
		7D85FC8A2B172AAD00A88370 /* Features */ = {
			isa = PBXGroup;
			children = (
				7D85FC902B17579B00A88370 /* UIViewAndUIStackView */,
				7D85FC8D2B172C7700A88370 /* WithoutDeviceTest */,
				7D85FC8B2B172AC600A88370 /* BoundsFrame */,
			);
			name = Features;
			sourceTree = "<group>";
		};
		7D85FC8B2B172AC600A88370 /* BoundsFrame */ = {
			isa = PBXGroup;
			children = (
				7D7FD1942B04940C00CD6C13 /* ViewController.swift */,
			);
			name = BoundsFrame;
			sourceTree = "<group>";
		};
		7D85FC8D2B172C7700A88370 /* WithoutDeviceTest */ = {
			isa = PBXGroup;
			children = (
				7D85FC8E2B172CA100A88370 /* WithoutDeviceTestViewController.swift */,
			);
			name = WithoutDeviceTest;
			sourceTree = "<group>";
		};
		7D85FC902B17579B00A88370 /* UIViewAndUIStackView */ = {
			isa = PBXGroup;
			children = (
				7D85FC912B1757CF00A88370 /* UIViewUIStackViewPracticeViewController.swift */,
			);
			name = UIViewAndUIStackView;
			sourceTree = "<group>";
		};
/* End PBXGroup section */

/* Begin PBXNativeTarget section */
		7D7FD18C2B04940C00CD6C13 /* testArchive */ = {
			isa = PBXNativeTarget;
			buildConfigurationList = 7D7FD1A12B04940E00CD6C13 /* Build configuration list for PBXNativeTarget "testArchive" */;
			buildPhases = (
				7D7FD1892B04940C00CD6C13 /* Sources */,
				7D7FD18A2B04940C00CD6C13 /* Frameworks */,
				7D7FD18B2B04940C00CD6C13 /* Resources */,
			);
			buildRules = (
			);
			dependencies = (
			);
			name = testArchive;
			productName = testArchive;
			productReference = 7D7FD18D2B04940C00CD6C13 /* testArchive.app */;
			productType = "com.apple.product-type.application";
		};
/* End PBXNativeTarget section */

/* Begin PBXProject section */
		7D7FD1852B04940C00CD6C13 /* Project object */ = {
			isa = PBXProject;
			attributes = {
				BuildIndependentTargetsInParallel = 1;
				LastSwiftUpdateCheck = 1430;
				LastUpgradeCheck = 1430;
				TargetAttributes = {
					7D7FD18C2B04940C00CD6C13 = {
						CreatedOnToolsVersion = 14.3.1;
					};
				};
			};
			buildConfigurationList = 7D7FD1882B04940C00CD6C13 /* Build configuration list for PBXProject "testArchive" */;
			compatibilityVersion = "Xcode 14.0";
			developmentRegion = en;
			hasScannedForEncodings = 0;
			knownRegions = (
				en,
				Base,
			);
			mainGroup = 7D7FD1842B04940C00CD6C13;
			productRefGroup = 7D7FD18E2B04940C00CD6C13 /* Products */;
			projectDirPath = "";
			projectRoot = "";
			targets = (
				7D7FD18C2B04940C00CD6C13 /* testArchive */,
			);
		};
/* End PBXProject section */

/* Begin PBXResourcesBuildPhase section */
		7D7FD18B2B04940C00CD6C13 /* Resources */ = {
			isa = PBXResourcesBuildPhase;
			buildActionMask = 2147483647;
			files = (
				7D7FD19D2B04940E00CD6C13 /* LaunchScreen.storyboard in Resources */,
				7D7FD19A2B04940E00CD6C13 /* Assets.xcassets in Resources */,
				7D7FD1982B04940C00CD6C13 /* Main.storyboard in Resources */,
			);
			runOnlyForDeploymentPostprocessing = 0;
		};
/* End PBXResourcesBuildPhase section */

/* Begin PBXSourcesBuildPhase section */
		7D7FD1892B04940C00CD6C13 /* Sources */ = {
			isa = PBXSourcesBuildPhase;
			buildActionMask = 2147483647;
			files = (
				7D7FD1952B04940C00CD6C13 /* ViewController.swift in Sources */,
				7D7FD1912B04940C00CD6C13 /* AppDelegate.swift in Sources */,
				7D7FD1A52B0F226D00CD6C13 /* LandingViewController.swift in Sources */,
				7D85FC922B1757CF00A88370 /* UIViewUIStackViewPracticeViewController.swift in Sources */,
				7D85FC8F2B172CA100A88370 /* WithoutDeviceTestViewController.swift in Sources */,
				7D7FD1A72B0F377E00CD6C13 /* MyTableViewCell.swift in Sources */,
				7D7FD1932B04940C00CD6C13 /* SceneDelegate.swift in Sources */,
			);
			runOnlyForDeploymentPostprocessing = 0;
		};
/* End PBXSourcesBuildPhase section */

/* Begin PBXVariantGroup section */
		7D7FD1962B04940C00CD6C13 /* Main.storyboard */ = {
			isa = PBXVariantGroup;
			children = (
				7D7FD1972B04940C00CD6C13 /* Base */,
			);
			name = Main.storyboard;
			sourceTree = "<group>";
		};
		7D7FD19B2B04940E00CD6C13 /* LaunchScreen.storyboard */ = {
			isa = PBXVariantGroup;
			children = (
				7D7FD19C2B04940E00CD6C13 /* Base */,
			);
			name = LaunchScreen.storyboard;
			sourceTree = "<group>";
		};
/* End PBXVariantGroup section */

/* Begin XCBuildConfiguration section */
		7D7FD19F2B04940E00CD6C13 /* Debug */ = {
			isa = XCBuildConfiguration;
			buildSettings = {
				ALWAYS_SEARCH_USER_PATHS = NO;
				CLANG_ANALYZER_NONNULL = YES;
				CLANG_ANALYZER_NUMBER_OBJECT_CONVERSION = YES_AGGRESSIVE;
				CLANG_CXX_LANGUAGE_STANDARD = "gnu++20";
				CLANG_ENABLE_MODULES = YES;
				CLANG_ENABLE_OBJC_ARC = YES;
				CLANG_ENABLE_OBJC_WEAK = YES;
				CLANG_WARN_BLOCK_CAPTURE_AUTORELEASING = YES;
				CLANG_WARN_BOOL_CONVERSION = YES;
				CLANG_WARN_COMMA = YES;
				CLANG_WARN_CONSTANT_CONVERSION = YES;
				CLANG_WARN_DEPRECATED_OBJC_IMPLEMENTATIONS = YES;
				CLANG_WARN_DIRECT_OBJC_ISA_USAGE = YES_ERROR;
				CLANG_WARN_DOCUMENTATION_COMMENTS = YES;
				CLANG_WARN_EMPTY_BODY = YES;
				CLANG_WARN_ENUM_CONVERSION = YES;
				CLANG_WARN_INFINITE_RECURSION = YES;
				CLANG_WARN_INT_CONVERSION = YES;
				CLANG_WARN_NON_LITERAL_NULL_CONVERSION = YES;
				CLANG_WARN_OBJC_IMPLICIT_RETAIN_SELF = YES;
				CLANG_WARN_OBJC_LITERAL_CONVERSION = YES;
				CLANG_WARN_OBJC_ROOT_CLASS = YES_ERROR;
				CLANG_WARN_QUOTED_INCLUDE_IN_FRAMEWORK_HEADER = YES;
				CLANG_WARN_RANGE_LOOP_ANALYSIS = YES;
				CLANG_WARN_STRICT_PROTOTYPES = YES;
				CLANG_WARN_SUSPICIOUS_MOVE = YES;
				CLANG_WARN_UNGUARDED_AVAILABILITY = YES_AGGRESSIVE;
				CLANG_WARN_UNREACHABLE_CODE = YES;
				CLANG_WARN__DUPLICATE_METHOD_MATCH = YES;
				COPY_PHASE_STRIP = NO;
				DEBUG_INFORMATION_FORMAT = dwarf;
				ENABLE_STRICT_OBJC_MSGSEND = YES;
				ENABLE_TESTABILITY = YES;
				GCC_C_LANGUAGE_STANDARD = gnu11;
				GCC_DYNAMIC_NO_PIC = NO;
				GCC_NO_COMMON_BLOCKS = YES;
				GCC_OPTIMIZATION_LEVEL = 0;
				GCC_PREPROCESSOR_DEFINITIONS = (
					"DEBUG=1",
					"$(inherited)",
				);
				GCC_WARN_64_TO_32_BIT_CONVERSION = YES;
				GCC_WARN_ABOUT_RETURN_TYPE = YES_ERROR;
				GCC_WARN_UNDECLARED_SELECTOR = YES;
				GCC_WARN_UNINITIALIZED_AUTOS = YES_AGGRESSIVE;
				GCC_WARN_UNUSED_FUNCTION = YES;
				GCC_WARN_UNUSED_VARIABLE = YES;
				IPHONEOS_DEPLOYMENT_TARGET = 16.4;
				MTL_ENABLE_DEBUG_INFO = INCLUDE_SOURCE;
				MTL_FAST_MATH = YES;
				ONLY_ACTIVE_ARCH = YES;
				SDKROOT = iphoneos;
				SWIFT_ACTIVE_COMPILATION_CONDITIONS = DEBUG;
				SWIFT_OPTIMIZATION_LEVEL = "-Onone";
			};
			name = Debug;
		};
		7D7FD1A02B04940E00CD6C13 /* Release */ = {
			isa = XCBuildConfiguration;
			buildSettings = {
				ALWAYS_SEARCH_USER_PATHS = NO;
				CLANG_ANALYZER_NONNULL = YES;
				CLANG_ANALYZER_NUMBER_OBJECT_CONVERSION = YES_AGGRESSIVE;
				CLANG_CXX_LANGUAGE_STANDARD = "gnu++20";
				CLANG_ENABLE_MODULES = YES;
				CLANG_ENABLE_OBJC_ARC = YES;
				CLANG_ENABLE_OBJC_WEAK = YES;
				CLANG_WARN_BLOCK_CAPTURE_AUTORELEASING = YES;
				CLANG_WARN_BOOL_CONVERSION = YES;
				CLANG_WARN_COMMA = YES;
				CLANG_WARN_CONSTANT_CONVERSION = YES;
				CLANG_WARN_DEPRECATED_OBJC_IMPLEMENTATIONS = YES;
				CLANG_WARN_DIRECT_OBJC_ISA_USAGE = YES_ERROR;
				CLANG_WARN_DOCUMENTATION_COMMENTS = YES;
				CLANG_WARN_EMPTY_BODY = YES;
				CLANG_WARN_ENUM_CONVERSION = YES;
				CLANG_WARN_INFINITE_RECURSION = YES;
				CLANG_WARN_INT_CONVERSION = YES;
				CLANG_WARN_NON_LITERAL_NULL_CONVERSION = YES;
				CLANG_WARN_OBJC_IMPLICIT_RETAIN_SELF = YES;
				CLANG_WARN_OBJC_LITERAL_CONVERSION = YES;
				CLANG_WARN_OBJC_ROOT_CLASS = YES_ERROR;
				CLANG_WARN_QUOTED_INCLUDE_IN_FRAMEWORK_HEADER = YES;
				CLANG_WARN_RANGE_LOOP_ANALYSIS = YES;
				CLANG_WARN_STRICT_PROTOTYPES = YES;
				CLANG_WARN_SUSPICIOUS_MOVE = YES;
				CLANG_WARN_UNGUARDED_AVAILABILITY = YES_AGGRESSIVE;
				CLANG_WARN_UNREACHABLE_CODE = YES;
				CLANG_WARN__DUPLICATE_METHOD_MATCH = YES;
				COPY_PHASE_STRIP = NO;
				DEBUG_INFORMATION_FORMAT = "dwarf-with-dsym";
				ENABLE_NS_ASSERTIONS = NO;
				ENABLE_STRICT_OBJC_MSGSEND = YES;
				GCC_C_LANGUAGE_STANDARD = gnu11;
				GCC_NO_COMMON_BLOCKS = YES;
				GCC_WARN_64_TO_32_BIT_CONVERSION = YES;
				GCC_WARN_ABOUT_RETURN_TYPE = YES_ERROR;
				GCC_WARN_UNDECLARED_SELECTOR = YES;
				GCC_WARN_UNINITIALIZED_AUTOS = YES_AGGRESSIVE;
				GCC_WARN_UNUSED_FUNCTION = YES;
				GCC_WARN_UNUSED_VARIABLE = YES;
				IPHONEOS_DEPLOYMENT_TARGET = 16.4;
				MTL_ENABLE_DEBUG_INFO = NO;
				MTL_FAST_MATH = YES;
				SDKROOT = iphoneos;
				SWIFT_COMPILATION_MODE = wholemodule;
				SWIFT_OPTIMIZATION_LEVEL = "-O";
				VALIDATE_PRODUCT = YES;
			};
			name = Release;
		};
		7D7FD1A22B04940E00CD6C13 /* Debug */ = {
			isa = XCBuildConfiguration;
			buildSettings = {
				ASSETCATALOG_COMPILER_APPICON_NAME = AppIcon;
				ASSETCATALOG_COMPILER_GLOBAL_ACCENT_COLOR_NAME = AccentColor;
				CODE_SIGN_STYLE = Automatic;
				CURRENT_PROJECT_VERSION = 1;
				DEVELOPMENT_TEAM = 5B4DDA3JD6;
				GENERATE_INFOPLIST_FILE = YES;
				INFOPLIST_FILE = testArchive/Info.plist;
				INFOPLIST_KEY_UIApplicationSupportsIndirectInputEvents = YES;
				INFOPLIST_KEY_UILaunchStoryboardName = LaunchScreen;
				INFOPLIST_KEY_UIMainStoryboardFile = Main;
				INFOPLIST_KEY_UISupportedInterfaceOrientations_iPad = "UIInterfaceOrientationPortrait UIInterfaceOrientationPortraitUpsideDown UIInterfaceOrientationLandscapeLeft UIInterfaceOrientationLandscapeRight";
				INFOPLIST_KEY_UISupportedInterfaceOrientations_iPhone = "UIInterfaceOrientationPortrait UIInterfaceOrientationLandscapeLeft UIInterfaceOrientationLandscapeRight";
				LD_RUNPATH_SEARCH_PATHS = (
					"$(inherited)",
					"@executable_path/Frameworks",
				);
				MARKETING_VERSION = 1.0;
				PRODUCT_BUNDLE_IDENTIFIER = com.yeonju.testArchive;
				PRODUCT_NAME = "$(TARGET_NAME)";
				SWIFT_EMIT_LOC_STRINGS = YES;
				SWIFT_VERSION = 5.0;
				TARGETED_DEVICE_FAMILY = "1,2";
			};
			name = Debug;
		};
		7D7FD1A32B04940E00CD6C13 /* Release */ = {
			isa = XCBuildConfiguration;
			buildSettings = {
				ASSETCATALOG_COMPILER_APPICON_NAME = AppIcon;
				ASSETCATALOG_COMPILER_GLOBAL_ACCENT_COLOR_NAME = AccentColor;
				CODE_SIGN_STYLE = Automatic;
				CURRENT_PROJECT_VERSION = 1;
				DEVELOPMENT_TEAM = 5B4DDA3JD6;
				GENERATE_INFOPLIST_FILE = YES;
				INFOPLIST_FILE = testArchive/Info.plist;
				INFOPLIST_KEY_UIApplicationSupportsIndirectInputEvents = YES;
				INFOPLIST_KEY_UILaunchStoryboardName = LaunchScreen;
				INFOPLIST_KEY_UIMainStoryboardFile = Main;
				INFOPLIST_KEY_UISupportedInterfaceOrientations_iPad = "UIInterfaceOrientationPortrait UIInterfaceOrientationPortraitUpsideDown UIInterfaceOrientationLandscapeLeft UIInterfaceOrientationLandscapeRight";
				INFOPLIST_KEY_UISupportedInterfaceOrientations_iPhone = "UIInterfaceOrientationPortrait UIInterfaceOrientationLandscapeLeft UIInterfaceOrientationLandscapeRight";
				LD_RUNPATH_SEARCH_PATHS = (
					"$(inherited)",
					"@executable_path/Frameworks",
				);
				MARKETING_VERSION = 1.0;
				PRODUCT_BUNDLE_IDENTIFIER = com.yeonju.testArchive;
				PRODUCT_NAME = "$(TARGET_NAME)";
				SWIFT_EMIT_LOC_STRINGS = YES;
				SWIFT_VERSION = 5.0;
				TARGETED_DEVICE_FAMILY = "1,2";
			};
			name = Release;
		};
/* End XCBuildConfiguration section */

/* Begin XCConfigurationList section */
		7D7FD1882B04940C00CD6C13 /* Build configuration list for PBXProject "testArchive" */ = {
			isa = XCConfigurationList;
			buildConfigurations = (
				7D7FD19F2B04940E00CD6C13 /* Debug */,
				7D7FD1A02B04940E00CD6C13 /* Release */,
			);
			defaultConfigurationIsVisible = 0;
			defaultConfigurationName = Release;
		};
		7D7FD1A12B04940E00CD6C13 /* Build configuration list for PBXNativeTarget "testArchive" */ = {
			isa = XCConfigurationList;
			buildConfigurations = (
				7D7FD1A22B04940E00CD6C13 /* Debug */,
				7D7FD1A32B04940E00CD6C13 /* Release */,
			);
			defaultConfigurationIsVisible = 0;
			defaultConfigurationName = Release;
		};
/* End XCConfigurationList section */
	};
	rootObject = 7D7FD1852B04940C00CD6C13 /* Project object */;
}
